
Microsoft Visual Studio Solution File, Format Version 12.00
# Visual Studio Version 17
VisualStudioVersion = 17.9.34701.34
MinimumVisualStudioVersion = 10.0.40219.1
Project("{FAE04EC0-301F-11D3-BF4B-00C04F79EFBC}") = "Sparky", "Sparky\Sparky.csproj", "{16208181-2AE8-4127-875D-AB1A15EC002F}"
EndProject
Project("{FAE04EC0-301F-11D3-BF4B-00C04F79EFBC}") = "SparkyMSTest", "SparkyMSTest\SparkyMSTest.csproj", "{5FAC3858-17E7-4B5D-8DA5-D98ADA1BC6A7}"
EndProject
Global
	GlobalSection(SolutionConfigurationPlatforms) = preSolution
		Debug|Any CPU = Debug|Any CPU
		Release|Any CPU = Release|Any CPU
	EndGlobalSection
	GlobalSection(ProjectConfigurationPlatforms) = postSolution
		{16208181-2AE8-4127-875D-AB1A15EC002F}.Debug|Any CPU.ActiveCfg = Debug|Any CPU
		{16208181-2AE8-4127-875D-AB1A15EC002F}.Debug|Any CPU.Build.0 = Debug|Any CPU
		{16208181-2AE8-4127-875D-AB1A15EC002F}.Release|Any CPU.ActiveCfg = Release|Any CPU
		{16208181-2AE8-4127-875D-AB1A15EC002F}.Release|Any CPU.Build.0 = Release|Any CPU
		{5FAC3858-17E7-4B5D-8DA5-D98ADA1BC6A7}.Debug|Any CPU.ActiveCfg = Debug|Any CPU
		{5FAC3858-17E7-4B5D-8DA5-D98ADA1BC6A7}.Debug|Any CPU.Build.0 = Debug|Any CPU
		{5FAC3858-17E7-4B5D-8DA5-D98ADA1BC6A7}.Release|Any CPU.ActiveCfg = Release|Any CPU
		{5FAC3858-17E7-4B5D-8DA5-D98ADA1BC6A7}.Release|Any CPU.Build.0 = Release|Any CPU
	EndGlobalSection
	GlobalSection(SolutionProperties) = preSolution
		HideSolutionNode = FALSE
	EndGlobalSection
	GlobalSection(ExtensibilityGlobals) = postSolution
		SolutionGuid = {76F323D0-669F-47E8-882D-420BA58ABC3C}
	EndGlobalSection
EndGlobal
